
Microsoft Visual Studio Solution File, Format Version 12.00
# Visual Studio 2012
Project("{2150E333-8FDC-42A3-9474-1A3956D46DE8}") = ".paket", ".paket", "{63297B98-5CED-492C-A5B7-A5B4F73CF142}"
	ProjectSection(SolutionItems) = preProject
		paket.dependencies = paket.dependencies
		paket.references = paket.references
		paket.lock = paket.lock
	EndProjectSection
EndProject
Project("{2150E333-8FDC-42A3-9474-1A3956D46DE8}") = "docs", "docs", "{A6A6AF7D-D6E3-442D-9B1E-58CC91879BE1}"
EndProject
Project("{2150E333-8FDC-42A3-9474-1A3956D46DE8}") = "tools", "tools", "{83F16175-43B1-4C90-A1EE-8E351C33435D}"
	ProjectSection(SolutionItems) = preProject
		docsrc\tools\generate.fsx = docsrc\tools\generate.fsx
		docsrc\tools\templates\template.cshtml = docsrc\tools\templates\template.cshtml
	EndProjectSection
EndProject
Project("{2150E333-8FDC-42A3-9474-1A3956D46DE8}") = "content", "content", "{8E6D5255-776D-4B61-85F9-73C37AA1FB9A}"
	ProjectSection(SolutionItems) = preProject
		docsrc\content\index.fsx = docsrc\content\index.fsx
		docsrc\content\tutorial.fsx = docsrc\content\tutorial.fsx
	EndProjectSection
EndProject
Project("{F2A71F9B-5D33-465A-A702-920D77279786}") = "Solve", "src\Solve\Solve.fsproj", "{7E47D76B-5C67-4FF6-8D89-8B959AEB428D}"
EndProject
Project("{2150E333-8FDC-42A3-9474-1A3956D46DE8}") = "project", "project", "{BF60BC93-E09B-4E5F-9D85-95A519479D54}"
	ProjectSection(SolutionItems) = preProject
		build.fsx = build.fsx
		README.md = README.md
		RELEASE_NOTES.md = RELEASE_NOTES.md
	EndProjectSection
EndProject
Project("{2150E333-8FDC-42A3-9474-1A3956D46DE8}") = "tests", "tests", "{ED8079DD-2B06-4030-9F0F-DC548F98E1C4}"
EndProject
Project("{F2A71F9B-5D33-465A-A702-920D77279786}") = "Solve.Tests", "tests\Solve.Tests\Solve.Tests.fsproj", "{312C2CC4-7E30-48E7-820E-F00BBB7D8B2B}"
EndProject
Project("{2150E333-8FDC-42A3-9474-1A3956D46DE8}") = "examples", "examples", "{DD1C30FE-4364-4D0C-A425-506DC69AFECF}"
EndProject
Project("{F2A71F9B-5D33-465A-A702-920D77279786}") = "Solve.Console", "examples\Solve.Console\Solve.Console.fsproj", "{A3BB74C4-B10B-4866-8DF3-11233F298795}"
EndProject
Project("{F2A71F9B-5D33-465A-A702-920D77279786}") = "Solve.PrologParser", "src\Solve.PrologParser\Solve.PrologParser.fsproj", "{39863437-1B0A-46C8-8E8D-103AB5CBC900}"
EndProject
Project("{2150E333-8FDC-42A3-9474-1A3956D46DE8}") = "services", "services", "{38DC74F4-EC02-4E64-A337-246970C9A5EC}"
EndProject
Project("{F2A71F9B-5D33-465A-A702-920D77279786}") = "Solve.WebApi", "services\Solve.WebApi\Solve.WebApi.fsproj", "{3E88DF77-1127-4AAD-9B93-B52A3E1DE829}"
EndProject
Project("{F2A71F9B-5D33-465A-A702-920D77279786}") = "Solve.Terminal", "src\Solve.Terminal\Solve.Terminal.fsproj", "{962DBBC7-4BD6-4B6C-ACF2-8D97B6895860}"
EndProject
Global
	GlobalSection(SolutionConfigurationPlatforms) = preSolution
		Debug|Any CPU = Debug|Any CPU
		Release|Any CPU = Release|Any CPU
	EndGlobalSection
	GlobalSection(ProjectConfigurationPlatforms) = postSolution
		{7E47D76B-5C67-4FF6-8D89-8B959AEB428D}.Debug|Any CPU.ActiveCfg = Debug|Any CPU
		{7E47D76B-5C67-4FF6-8D89-8B959AEB428D}.Debug|Any CPU.Build.0 = Debug|Any CPU
		{7E47D76B-5C67-4FF6-8D89-8B959AEB428D}.Release|Any CPU.ActiveCfg = Release|Any CPU
		{7E47D76B-5C67-4FF6-8D89-8B959AEB428D}.Release|Any CPU.Build.0 = Release|Any CPU
		{312C2CC4-7E30-48E7-820E-F00BBB7D8B2B}.Debug|Any CPU.ActiveCfg = Debug|Any CPU
		{312C2CC4-7E30-48E7-820E-F00BBB7D8B2B}.Debug|Any CPU.Build.0 = Debug|Any CPU
		{312C2CC4-7E30-48E7-820E-F00BBB7D8B2B}.Release|Any CPU.ActiveCfg = Release|Any CPU
		{312C2CC4-7E30-48E7-820E-F00BBB7D8B2B}.Release|Any CPU.Build.0 = Release|Any CPU
		{A3BB74C4-B10B-4866-8DF3-11233F298795}.Debug|Any CPU.ActiveCfg = Debug|Any CPU
		{A3BB74C4-B10B-4866-8DF3-11233F298795}.Debug|Any CPU.Build.0 = Debug|Any CPU
		{A3BB74C4-B10B-4866-8DF3-11233F298795}.Release|Any CPU.ActiveCfg = Release|Any CPU
		{A3BB74C4-B10B-4866-8DF3-11233F298795}.Release|Any CPU.Build.0 = Release|Any CPU
		{39863437-1B0A-46C8-8E8D-103AB5CBC900}.Debug|Any CPU.ActiveCfg = Debug|Any CPU
		{39863437-1B0A-46C8-8E8D-103AB5CBC900}.Debug|Any CPU.Build.0 = Debug|Any CPU
		{39863437-1B0A-46C8-8E8D-103AB5CBC900}.Release|Any CPU.ActiveCfg = Release|Any CPU
		{39863437-1B0A-46C8-8E8D-103AB5CBC900}.Release|Any CPU.Build.0 = Release|Any CPU
		{3E88DF77-1127-4AAD-9B93-B52A3E1DE829}.Debug|Any CPU.ActiveCfg = Debug|Any CPU
		{3E88DF77-1127-4AAD-9B93-B52A3E1DE829}.Debug|Any CPU.Build.0 = Debug|Any CPU
		{3E88DF77-1127-4AAD-9B93-B52A3E1DE829}.Release|Any CPU.ActiveCfg = Release|Any CPU
		{3E88DF77-1127-4AAD-9B93-B52A3E1DE829}.Release|Any CPU.Build.0 = Release|Any CPU
		{962DBBC7-4BD6-4B6C-ACF2-8D97B6895860}.Debug|Any CPU.ActiveCfg = Debug|Any CPU
		{962DBBC7-4BD6-4B6C-ACF2-8D97B6895860}.Debug|Any CPU.Build.0 = Debug|Any CPU
		{962DBBC7-4BD6-4B6C-ACF2-8D97B6895860}.Release|Any CPU.ActiveCfg = Release|Any CPU
		{962DBBC7-4BD6-4B6C-ACF2-8D97B6895860}.Release|Any CPU.Build.0 = Release|Any CPU
	EndGlobalSection
	GlobalSection(NestedProjects) = preSolution
		{83F16175-43B1-4C90-A1EE-8E351C33435D} = {A6A6AF7D-D6E3-442D-9B1E-58CC91879BE1}
		{8E6D5255-776D-4B61-85F9-73C37AA1FB9A} = {A6A6AF7D-D6E3-442D-9B1E-58CC91879BE1}
		{312C2CC4-7E30-48E7-820E-F00BBB7D8B2B} = {ED8079DD-2B06-4030-9F0F-DC548F98E1C4}
		{A3BB74C4-B10B-4866-8DF3-11233F298795} = {DD1C30FE-4364-4D0C-A425-506DC69AFECF}
		{3E88DF77-1127-4AAD-9B93-B52A3E1DE829} = {38DC74F4-EC02-4E64-A337-246970C9A5EC}
	EndGlobalSection
	GlobalSection(MonoDevelopProperties) = preSolution
		Policies = $0
		$0.DotNetNamingPolicy = $1
		$1.DirectoryNamespaceAssociation = PrefixedHierarchical
		$0.TextStylePolicy = $2
		$2.FileWidth = 80
		$2.TabsToSpaces = True
		$2.scope = text/plain
		$0.TextStylePolicy = $3
		$3.inheritsSet = null
		$3.scope = text/x-fsharp
		$0.FSharpFormattingPolicy = $4
		$4.DefaultFormat = $5
		$5.IndentOnTryWith = True
		$5.ReorderOpenDeclaration = True
		$5.SpaceAfterComma = True
		$5.SpaceAfterSemicolon = True
		$5.SpaceAroundDelimiter = True
		$5.SpaceBeforeArgument = True
		$5.SpaceBeforeColon = True
		$5.__added = 0
		$4.scope = text/x-fsharp
		$0.TextStylePolicy = $6
		$6.inheritsSet = null
		$6.scope = text/x-json
		$0.JSONFormattingPolicy = $7
		$7.AutoStructureCompletion = True
		$7.BracePositions = SemiExpanded
		$7.FormatOnPaste = True
		$7.scope = text/x-json
		$0.TextStylePolicy = $8
		$8.inheritsSet = null
		$8.scope = text/x-web
		$0.TextStylePolicy = $9
		$9.inheritsSet = null
		$9.scope = text/x-vs
		$0.StandardHeader = $10
		$0.VersionControlPolicy = $11
	EndGlobalSection
EndGlobal
